
Microsoft Visual Studio Solution File, Format Version 12.00
# Visual Studio 15
VisualStudioVersion = 15.0.28307.271
MinimumVisualStudioVersion = 10.0.40219.1
Project("{8BC9CEB8-8B4A-11D0-8D11-00A0C91BC942}") = "FirstSDL-2.0", "FirstSDL-2.0\FirstSDL-2.0.vcxproj", "{BA16EF3A-0180-4DA9-9BDE-35093B5D104D}"
EndProject
Project("{8BC9CEB8-8B4A-11D0-8D11-00A0C91BC942}") = "HelloFFMPEG", "HelloFFMPEG\HelloFFMPEG.vcxproj", "{61168C6C-96E7-4175-A496-7256B7231953}"
EndProject
Project("{8BC9CEB8-8B4A-11D0-8D11-00A0C91BC942}") = "PureDecorder", "PureDecorder\PureDecorder.vcxproj", "{BB3C7EBA-6C60-4033-8B7F-21E587DA8EF2}"
EndProject
Project("{8BC9CEB8-8B4A-11D0-8D11-00A0C91BC942}") = "PureDecorderPlayer", "PureDecorderPlayer\PureDecorderPlayer.vcxproj", "{B06F02C5-B9FF-4B8F-9AC3-5DE9C473A369}"
EndProject
Project("{8BC9CEB8-8B4A-11D0-8D11-00A0C91BC942}") = "SimplePlayer", "SimplePlayer\SimplePlayer.vcxproj", "{C674A554-4483-4E05-A4F2-E7590349A338}"
EndProject
Project("{FAE04EC0-301F-11D3-BF4B-00C04F79EFBC}") = "CSPlayer", "CSPlayer\CSPlayer.csproj", "{B83F544B-8F46-4087-A164-0818D184D965}"
	ProjectSection(ProjectDependencies) = postProject
		{C8F74FE8-2F33-4167-B7E1-0DEE45A6BB5E} = {C8F74FE8-2F33-4167-B7E1-0DEE45A6BB5E}
	EndProjectSection
EndProject
Project("{8BC9CEB8-8B4A-11D0-8D11-00A0C91BC942}") = "OpenGLDll", "OpenGLDll\OpenGLDll.vcxproj", "{C8F74FE8-2F33-4167-B7E1-0DEE45A6BB5E}"
EndProject
Global
	GlobalSection(SolutionConfigurationPlatforms) = preSolution
		Debug|Any CPU = Debug|Any CPU
		Debug|x64 = Debug|x64
		Debug|x86 = Debug|x86
		Release|Any CPU = Release|Any CPU
		Release|x64 = Release|x64
		Release|x86 = Release|x86
	EndGlobalSection
	GlobalSection(ProjectConfigurationPlatforms) = postSolution
		{BA16EF3A-0180-4DA9-9BDE-35093B5D104D}.Debug|Any CPU.ActiveCfg = Debug|Win32
		{BA16EF3A-0180-4DA9-9BDE-35093B5D104D}.Debug|x64.ActiveCfg = Debug|x64
		{BA16EF3A-0180-4DA9-9BDE-35093B5D104D}.Debug|x64.Build.0 = Debug|x64
		{BA16EF3A-0180-4DA9-9BDE-35093B5D104D}.Debug|x86.ActiveCfg = Debug|Win32
		{BA16EF3A-0180-4DA9-9BDE-35093B5D104D}.Debug|x86.Build.0 = Debug|Win32
		{BA16EF3A-0180-4DA9-9BDE-35093B5D104D}.Release|Any CPU.ActiveCfg = Release|Win32
		{BA16EF3A-0180-4DA9-9BDE-35093B5D104D}.Release|x64.ActiveCfg = Release|x64
		{BA16EF3A-0180-4DA9-9BDE-35093B5D104D}.Release|x64.Build.0 = Release|x64
		{BA16EF3A-0180-4DA9-9BDE-35093B5D104D}.Release|x86.ActiveCfg = Release|Win32
		{BA16EF3A-0180-4DA9-9BDE-35093B5D104D}.Release|x86.Build.0 = Release|Win32
		{61168C6C-96E7-4175-A496-7256B7231953}.Debug|Any CPU.ActiveCfg = Debug|Win32
		{61168C6C-96E7-4175-A496-7256B7231953}.Debug|x64.ActiveCfg = Debug|x64
		{61168C6C-96E7-4175-A496-7256B7231953}.Debug|x64.Build.0 = Debug|x64
		{61168C6C-96E7-4175-A496-7256B7231953}.Debug|x86.ActiveCfg = Debug|Win32
		{61168C6C-96E7-4175-A496-7256B7231953}.Debug|x86.Build.0 = Debug|Win32
		{61168C6C-96E7-4175-A496-7256B7231953}.Release|Any CPU.ActiveCfg = Release|Win32
		{61168C6C-96E7-4175-A496-7256B7231953}.Release|x64.ActiveCfg = Release|x64
		{61168C6C-96E7-4175-A496-7256B7231953}.Release|x64.Build.0 = Release|x64
		{61168C6C-96E7-4175-A496-7256B7231953}.Release|x86.ActiveCfg = Release|Win32
		{61168C6C-96E7-4175-A496-7256B7231953}.Release|x86.Build.0 = Release|Win32
		{BB3C7EBA-6C60-4033-8B7F-21E587DA8EF2}.Debug|Any CPU.ActiveCfg = Debug|Win32
		{BB3C7EBA-6C60-4033-8B7F-21E587DA8EF2}.Debug|x64.ActiveCfg = Debug|x64
		{BB3C7EBA-6C60-4033-8B7F-21E587DA8EF2}.Debug|x64.Build.0 = Debug|x64
		{BB3C7EBA-6C60-4033-8B7F-21E587DA8EF2}.Debug|x86.ActiveCfg = Debug|Win32
		{BB3C7EBA-6C60-4033-8B7F-21E587DA8EF2}.Debug|x86.Build.0 = Debug|Win32
		{BB3C7EBA-6C60-4033-8B7F-21E587DA8EF2}.Release|Any CPU.ActiveCfg = Release|Win32
		{BB3C7EBA-6C60-4033-8B7F-21E587DA8EF2}.Release|x64.ActiveCfg = Release|x64
		{BB3C7EBA-6C60-4033-8B7F-21E587DA8EF2}.Release|x64.Build.0 = Release|x64
		{BB3C7EBA-6C60-4033-8B7F-21E587DA8EF2}.Release|x86.ActiveCfg = Release|Win32
		{BB3C7EBA-6C60-4033-8B7F-21E587DA8EF2}.Release|x86.Build.0 = Release|Win32
		{B06F02C5-B9FF-4B8F-9AC3-5DE9C473A369}.Debug|Any CPU.ActiveCfg = Debug|Win32
		{B06F02C5-B9FF-4B8F-9AC3-5DE9C473A369}.Debug|x64.ActiveCfg = Debug|x64
		{B06F02C5-B9FF-4B8F-9AC3-5DE9C473A369}.Debug|x64.Build.0 = Debug|x64
		{B06F02C5-B9FF-4B8F-9AC3-5DE9C473A369}.Debug|x86.ActiveCfg = Debug|Win32
		{B06F02C5-B9FF-4B8F-9AC3-5DE9C473A369}.Debug|x86.Build.0 = Debug|Win32
		{B06F02C5-B9FF-4B8F-9AC3-5DE9C473A369}.Release|Any CPU.ActiveCfg = Release|Win32
		{B06F02C5-B9FF-4B8F-9AC3-5DE9C473A369}.Release|x64.ActiveCfg = Release|x64
		{B06F02C5-B9FF-4B8F-9AC3-5DE9C473A369}.Release|x64.Build.0 = Release|x64
		{B06F02C5-B9FF-4B8F-9AC3-5DE9C473A369}.Release|x86.ActiveCfg = Release|Win32
		{B06F02C5-B9FF-4B8F-9AC3-5DE9C473A369}.Release|x86.Build.0 = Release|Win32
		{C674A554-4483-4E05-A4F2-E7590349A338}.Debug|Any CPU.ActiveCfg = Debug|Win32
		{C674A554-4483-4E05-A4F2-E7590349A338}.Debug|x64.ActiveCfg = Debug|x64
		{C674A554-4483-4E05-A4F2-E7590349A338}.Debug|x64.Build.0 = Debug|x64
		{C674A554-4483-4E05-A4F2-E7590349A338}.Debug|x86.ActiveCfg = Debug|Win32
		{C674A554-4483-4E05-A4F2-E7590349A338}.Debug|x86.Build.0 = Debug|Win32
		{C674A554-4483-4E05-A4F2-E7590349A338}.Release|Any CPU.ActiveCfg = Release|Win32
		{C674A554-4483-4E05-A4F2-E7590349A338}.Release|x64.ActiveCfg = Release|x64
		{C674A554-4483-4E05-A4F2-E7590349A338}.Release|x64.Build.0 = Release|x64
		{C674A554-4483-4E05-A4F2-E7590349A338}.Release|x86.ActiveCfg = Release|Win32
		{C674A554-4483-4E05-A4F2-E7590349A338}.Release|x86.Build.0 = Release|Win32
		{B83F544B-8F46-4087-A164-0818D184D965}.Debug|Any CPU.ActiveCfg = Debug|Any CPU
		{B83F544B-8F46-4087-A164-0818D184D965}.Debug|Any CPU.Build.0 = Debug|Any CPU
		{B83F544B-8F46-4087-A164-0818D184D965}.Debug|x64.ActiveCfg = Debug|Any CPU
		{B83F544B-8F46-4087-A164-0818D184D965}.Debug|x64.Build.0 = Debug|Any CPU
		{B83F544B-8F46-4087-A164-0818D184D965}.Debug|x86.ActiveCfg = Debug|Any CPU
		{B83F544B-8F46-4087-A164-0818D184D965}.Debug|x86.Build.0 = Debug|Any CPU
		{B83F544B-8F46-4087-A164-0818D184D965}.Release|Any CPU.ActiveCfg = Release|Any CPU
		{B83F544B-8F46-4087-A164-0818D184D965}.Release|Any CPU.Build.0 = Release|Any CPU
		{B83F544B-8F46-4087-A164-0818D184D965}.Release|x64.ActiveCfg = Release|Any CPU
		{B83F544B-8F46-4087-A164-0818D184D965}.Release|x64.Build.0 = Release|Any CPU
		{B83F544B-8F46-4087-A164-0818D184D965}.Release|x86.ActiveCfg = Release|Any CPU
		{B83F544B-8F46-4087-A164-0818D184D965}.Release|x86.Build.0 = Release|Any CPU
		{C8F74FE8-2F33-4167-B7E1-0DEE45A6BB5E}.Debug|Any CPU.ActiveCfg = Debug|Win32
		{C8F74FE8-2F33-4167-B7E1-0DEE45A6BB5E}.Debug|x64.ActiveCfg = Debug|x64
		{C8F74FE8-2F33-4167-B7E1-0DEE45A6BB5E}.Debug|x64.Build.0 = Debug|x64
		{C8F74FE8-2F33-4167-B7E1-0DEE45A6BB5E}.Debug|x86.ActiveCfg = Debug|Win32
		{C8F74FE8-2F33-4167-B7E1-0DEE45A6BB5E}.Debug|x86.Build.0 = Debug|Win32
		{C8F74FE8-2F33-4167-B7E1-0DEE45A6BB5E}.Release|Any CPU.ActiveCfg = Release|Win32
		{C8F74FE8-2F33-4167-B7E1-0DEE45A6BB5E}.Release|x64.ActiveCfg = Release|x64
		{C8F74FE8-2F33-4167-B7E1-0DEE45A6BB5E}.Release|x64.Build.0 = Release|x64
		{C8F74FE8-2F33-4167-B7E1-0DEE45A6BB5E}.Release|x86.ActiveCfg = Release|Win32
		{C8F74FE8-2F33-4167-B7E1-0DEE45A6BB5E}.Release|x86.Build.0 = Release|Win32
	EndGlobalSection
	GlobalSection(SolutionProperties) = preSolution
		HideSolutionNode = FALSE
	EndGlobalSection
	GlobalSection(ExtensibilityGlobals) = postSolution
		SolutionGuid = {3411644D-79E1-4D73-A4D6-1AE6476A316F}
	EndGlobalSection
EndGlobal
